
Microsoft Visual Studio Solution File, Format Version 12.00
# Visual Studio Version 16
VisualStudioVersion = 16.0.29318.209
MinimumVisualStudioVersion = 10.0.40219.1
Project("{9A19103F-16F7-4668-BE54-9A1E7A4F7556}") = "Astro", "Astro\Astro.csproj", "{8DAD3D3C-879C-4FF6-AB58-FE941756AEEE}"
EndProject
Project("{9A19103F-16F7-4668-BE54-9A1E7A4F7556}") = "Astro.DAL", "Astro.DAL\Astro.DAL.csproj", "{0E0C1F3F-8A60-4A7B-8F7C-6F692E302CD9}"
EndProject
Project("{9A19103F-16F7-4668-BE54-9A1E7A4F7556}") = "Astro.BLL", "Astro.BLL\Astro.BLL.csproj", "{73C278FD-C4CF-45C4-96E3-58156C64FD59}"
EndProject
Global
	GlobalSection(SolutionConfigurationPlatforms) = preSolution
		Debug|Any CPU = Debug|Any CPU
		Release|Any CPU = Release|Any CPU
	EndGlobalSection
	GlobalSection(ProjectConfigurationPlatforms) = postSolution
		{8DAD3D3C-879C-4FF6-AB58-FE941756AEEE}.Debug|Any CPU.ActiveCfg = Debug|Any CPU
		{8DAD3D3C-879C-4FF6-AB58-FE941756AEEE}.Debug|Any CPU.Build.0 = Debug|Any CPU
		{8DAD3D3C-879C-4FF6-AB58-FE941756AEEE}.Release|Any CPU.ActiveCfg = Release|Any CPU
		{8DAD3D3C-879C-4FF6-AB58-FE941756AEEE}.Release|Any CPU.Build.0 = Release|Any CPU
		{0E0C1F3F-8A60-4A7B-8F7C-6F692E302CD9}.Debug|Any CPU.ActiveCfg = Debug|Any CPU
		{0E0C1F3F-8A60-4A7B-8F7C-6F692E302CD9}.Debug|Any CPU.Build.0 = Debug|Any CPU
		{0E0C1F3F-8A60-4A7B-8F7C-6F692E302CD9}.Release|Any CPU.ActiveCfg = Release|Any CPU
		{0E0C1F3F-8A60-4A7B-8F7C-6F692E302CD9}.Release|Any CPU.Build.0 = Release|Any CPU
		{73C278FD-C4CF-45C4-96E3-58156C64FD59}.Debug|Any CPU.ActiveCfg = Debug|Any CPU
		{73C278FD-C4CF-45C4-96E3-58156C64FD59}.Debug|Any CPU.Build.0 = Debug|Any CPU
		{73C278FD-C4CF-45C4-96E3-58156C64FD59}.Release|Any CPU.ActiveCfg = Release|Any CPU
		{73C278FD-C4CF-45C4-96E3-58156C64FD59}.Release|Any CPU.Build.0 = Release|Any CPU
	EndGlobalSection
	GlobalSection(SolutionProperties) = preSolution
		HideSolutionNode = FALSE
	EndGlobalSection
	GlobalSection(ExtensibilityGlobals) = postSolution
		SolutionGuid = {F772CF1C-2D08-48AB-8286-9D49B5971E87}
	EndGlobalSection
EndGlobal
